// !$*UTF8*$!
{
	archiveVersion = 1;
	classes = {
	};
	objectVersion = 77;
	objects = {

/* Begin PBXContainerItemProxy section */
		F157FA582CB1AA2F00BF5418 /* PBXContainerItemProxy */ = {
			isa = PBXContainerItemProxy;
			containerPortal = F157FA3F2CB1AA2E00BF5418 /* Project object */;
			proxyType = 1;
			remoteGlobalIDString = F157FA462CB1AA2E00BF5418;
			remoteInfo = DivHacks2024WashWiz_SwiftUI;
		};
		F157FA622CB1AA2F00BF5418 /* PBXContainerItemProxy */ = {
			isa = PBXContainerItemProxy;
			containerPortal = F157FA3F2CB1AA2E00BF5418 /* Project object */;
			proxyType = 1;
			remoteGlobalIDString = F157FA462CB1AA2E00BF5418;
			remoteInfo = DivHacks2024WashWiz_SwiftUI;
		};
/* End PBXContainerItemProxy section */

/* Begin PBXFileReference section */
		F157FA472CB1AA2E00BF5418 /* DivHacks2024WashWiz_SwiftUI.app */ = {isa = PBXFileReference; explicitFileType = wrapper.application; includeInIndex = 0; path = DivHacks2024WashWiz_SwiftUI.app; sourceTree = BUILT_PRODUCTS_DIR; };
		F157FA572CB1AA2F00BF5418 /* DivHacks2024WashWiz_SwiftUITests.xctest */ = {isa = PBXFileReference; explicitFileType = wrapper.cfbundle; includeInIndex = 0; path = DivHacks2024WashWiz_SwiftUITests.xctest; sourceTree = BUILT_PRODUCTS_DIR; };
		F157FA612CB1AA2F00BF5418 /* DivHacks2024WashWiz_SwiftUIUITests.xctest */ = {isa = PBXFileReference; explicitFileType = wrapper.cfbundle; includeInIndex = 0; path = DivHacks2024WashWiz_SwiftUIUITests.xctest; sourceTree = BUILT_PRODUCTS_DIR; };
/* End PBXFileReference section */

/* Begin PBXFileSystemSynchronizedRootGroup section */
		F157FA492CB1AA2E00BF5418 /* DivHacks2024WashWiz_SwiftUI */ = {
			isa = PBXFileSystemSynchronizedRootGroup;
			path = DivHacks2024WashWiz_SwiftUI;
			sourceTree = "<group>";
		};
		F157FA5A2CB1AA2F00BF5418 /* DivHacks2024WashWiz_SwiftUITests */ = {
			isa = PBXFileSystemSynchronizedRootGroup;
			path = DivHacks2024WashWiz_SwiftUITests;
			sourceTree = "<group>";
		};
		F157FA642CB1AA2F00BF5418 /* DivHacks2024WashWiz_SwiftUIUITests */ = {
			isa = PBXFileSystemSynchronizedRootGroup;
			path = DivHacks2024WashWiz_SwiftUIUITests;
			sourceTree = "<group>";
		};
/* End PBXFileSystemSynchronizedRootGroup section */

/* Begin PBXFrameworksBuildPhase section */
		F157FA442CB1AA2E00BF5418 /* Frameworks */ = {
			isa = PBXFrameworksBuildPhase;
			buildActionMask = 2147483647;
			files = (
			);
			runOnlyForDeploymentPostprocessing = 0;
		};
		F157FA542CB1AA2F00BF5418 /* Frameworks */ = {
			isa = PBXFrameworksBuildPhase;
			buildActionMask = 2147483647;
			files = (
			);
			runOnlyForDeploymentPostprocessing = 0;
		};
		F157FA5E2CB1AA2F00BF5418 /* Frameworks */ = {
			isa = PBXFrameworksBuildPhase;
			buildActionMask = 2147483647;
			files = (
			);
			runOnlyForDeploymentPostprocessing = 0;
		};
/* End PBXFrameworksBuildPhase section */

/* Begin PBXGroup section */
		F157FA3E2CB1AA2E00BF5418 = {
			isa = PBXGroup;
			children = (
				F157FA492CB1AA2E00BF5418 /* DivHacks2024WashWiz_SwiftUI */,
				F157FA5A2CB1AA2F00BF5418 /* DivHacks2024WashWiz_SwiftUITests */,
				F157FA642CB1AA2F00BF5418 /* DivHacks2024WashWiz_SwiftUIUITests */,
				F157FA482CB1AA2E00BF5418 /* Products */,
			);
			sourceTree = "<group>";
		};
		F157FA482CB1AA2E00BF5418 /* Products */ = {
			isa = PBXGroup;
			children = (
				F157FA472CB1AA2E00BF5418 /* DivHacks2024WashWiz_SwiftUI.app */,
				F157FA572CB1AA2F00BF5418 /* DivHacks2024WashWiz_SwiftUITests.xctest */,
				F157FA612CB1AA2F00BF5418 /* DivHacks2024WashWiz_SwiftUIUITests.xctest */,
			);
			name = Products;
			sourceTree = "<group>";
		};
/* End PBXGroup section */

/* Begin PBXNativeTarget section */
		F157FA462CB1AA2E00BF5418 /* DivHacks2024WashWiz_SwiftUI */ = {
			isa = PBXNativeTarget;
			buildConfigurationList = F157FA6B2CB1AA2F00BF5418 /* Build configuration list for PBXNativeTarget "DivHacks2024WashWiz_SwiftUI" */;
			buildPhases = (
				F157FA432CB1AA2E00BF5418 /* Sources */,
				F157FA442CB1AA2E00BF5418 /* Frameworks */,
				F157FA452CB1AA2E00BF5418 /* Resources */,
			);
			buildRules = (
			);
			dependencies = (
			);
			fileSystemSynchronizedGroups = (
				F157FA492CB1AA2E00BF5418 /* DivHacks2024WashWiz_SwiftUI */,
			);
			name = DivHacks2024WashWiz_SwiftUI;
			packageProductDependencies = (
			);
			productName = DivHacks2024WashWiz_SwiftUI;
			productReference = F157FA472CB1AA2E00BF5418 /* DivHacks2024WashWiz_SwiftUI.app */;
			productType = "com.apple.product-type.application";
		};
		F157FA562CB1AA2F00BF5418 /* DivHacks2024WashWiz_SwiftUITests */ = {
			isa = PBXNativeTarget;
			buildConfigurationList = F157FA6E2CB1AA2F00BF5418 /* Build configuration list for PBXNativeTarget "DivHacks2024WashWiz_SwiftUITests" */;
			buildPhases = (
				F157FA532CB1AA2F00BF5418 /* Sources */,
				F157FA542CB1AA2F00BF5418 /* Frameworks */,
				F157FA552CB1AA2F00BF5418 /* Resources */,
			);
			buildRules = (
			);
			dependencies = (
				F157FA592CB1AA2F00BF5418 /* PBXTargetDependency */,
			);
			fileSystemSynchronizedGroups = (
				F157FA5A2CB1AA2F00BF5418 /* DivHacks2024WashWiz_SwiftUITests */,
			);
			name = DivHacks2024WashWiz_SwiftUITests;
			packageProductDependencies = (
			);
			productName = DivHacks2024WashWiz_SwiftUITests;
			productReference = F157FA572CB1AA2F00BF5418 /* DivHacks2024WashWiz_SwiftUITests.xctest */;
			productType = "com.apple.product-type.bundle.unit-test";
		};
		F157FA602CB1AA2F00BF5418 /* DivHacks2024WashWiz_SwiftUIUITests */ = {
			isa = PBXNativeTarget;
			buildConfigurationList = F157FA712CB1AA2F00BF5418 /* Build configuration list for PBXNativeTarget "DivHacks2024WashWiz_SwiftUIUITests" */;
			buildPhases = (
				F157FA5D2CB1AA2F00BF5418 /* Sources */,
				F157FA5E2CB1AA2F00BF5418 /* Frameworks */,
				F157FA5F2CB1AA2F00BF5418 /* Resources */,
			);
			buildRules = (
			);
			dependencies = (
				F157FA632CB1AA2F00BF5418 /* PBXTargetDependency */,
			);
			fileSystemSynchronizedGroups = (
				F157FA642CB1AA2F00BF5418 /* DivHacks2024WashWiz_SwiftUIUITests */,
			);
			name = DivHacks2024WashWiz_SwiftUIUITests;
			packageProductDependencies = (
			);
			productName = DivHacks2024WashWiz_SwiftUIUITests;
			productReference = F157FA612CB1AA2F00BF5418 /* DivHacks2024WashWiz_SwiftUIUITests.xctest */;
			productType = "com.apple.product-type.bundle.ui-testing";
		};
/* End PBXNativeTarget section */

/* Begin PBXProject section */
		F157FA3F2CB1AA2E00BF5418 /* Project object */ = {
			isa = PBXProject;
			attributes = {
				BuildIndependentTargetsInParallel = 1;
				LastSwiftUpdateCheck = 1600;
				LastUpgradeCheck = 1600;
				TargetAttributes = {
					F157FA462CB1AA2E00BF5418 = {
						CreatedOnToolsVersion = 16.0;
					};
					F157FA562CB1AA2F00BF5418 = {
						CreatedOnToolsVersion = 16.0;
						TestTargetID = F157FA462CB1AA2E00BF5418;
					};
					F157FA602CB1AA2F00BF5418 = {
						CreatedOnToolsVersion = 16.0;
						TestTargetID = F157FA462CB1AA2E00BF5418;
					};
				};
			};
			buildConfigurationList = F157FA422CB1AA2E00BF5418 /* Build configuration list for PBXProject "DivHacks2024WashWiz_SwiftUI" */;
			developmentRegion = en;
			hasScannedForEncodings = 0;
			knownRegions = (
				en,
				Base,
			);
			mainGroup = F157FA3E2CB1AA2E00BF5418;
			minimizedProjectReferenceProxies = 1;
			preferredProjectObjectVersion = 77;
			productRefGroup = F157FA482CB1AA2E00BF5418 /* Products */;
			projectDirPath = "";
			projectRoot = "";
			targets = (
				F157FA462CB1AA2E00BF5418 /* DivHacks2024WashWiz_SwiftUI */,
				F157FA562CB1AA2F00BF5418 /* DivHacks2024WashWiz_SwiftUITests */,
				F157FA602CB1AA2F00BF5418 /* DivHacks2024WashWiz_SwiftUIUITests */,
			);
		};
/* End PBXProject section */

/* Begin PBXResourcesBuildPhase section */
		F157FA452CB1AA2E00BF5418 /* Resources */ = {
			isa = PBXResourcesBuildPhase;
			buildActionMask = 2147483647;
			files = (
			);
			runOnlyForDeploymentPostprocessing = 0;
		};
		F157FA552CB1AA2F00BF5418 /* Resources */ = {
			isa = PBXResourcesBuildPhase;
			buildActionMask = 2147483647;
			files = (
			);
			runOnlyForDeploymentPostprocessing = 0;
		};
		F157FA5F2CB1AA2F00BF5418 /* Resources */ = {
			isa = PBXResourcesBuildPhase;
			buildActionMask = 2147483647;
			files = (
			);
			runOnlyForDeploymentPostprocessing = 0;
		};
/* End PBXResourcesBuildPhase section */

/* Begin PBXSourcesBuildPhase section */
		F157FA432CB1AA2E00BF5418 /* Sources */ = {
			isa = PBXSourcesBuildPhase;
			buildActionMask = 2147483647;
			files = (
			);
			runOnlyForDeploymentPostprocessing = 0;
		};
		F157FA532CB1AA2F00BF5418 /* Sources */ = {
			isa = PBXSourcesBuildPhase;
			buildActionMask = 2147483647;
			files = (
			);
			runOnlyForDeploymentPostprocessing = 0;
		};
		F157FA5D2CB1AA2F00BF5418 /* Sources */ = {
			isa = PBXSourcesBuildPhase;
			buildActionMask = 2147483647;
			files = (
			);
			runOnlyForDeploymentPostprocessing = 0;
		};
/* End PBXSourcesBuildPhase section */

/* Begin PBXTargetDependency section */
		F157FA592CB1AA2F00BF5418 /* PBXTargetDependency */ = {
			isa = PBXTargetDependency;
			target = F157FA462CB1AA2E00BF5418 /* DivHacks2024WashWiz_SwiftUI */;
			targetProxy = F157FA582CB1AA2F00BF5418 /* PBXContainerItemProxy */;
		};
		F157FA632CB1AA2F00BF5418 /* PBXTargetDependency */ = {
			isa = PBXTargetDependency;
			target = F157FA462CB1AA2E00BF5418 /* DivHacks2024WashWiz_SwiftUI */;
			targetProxy = F157FA622CB1AA2F00BF5418 /* PBXContainerItemProxy */;
		};
/* End PBXTargetDependency section */

/* Begin XCBuildConfiguration section */
		F157FA692CB1AA2F00BF5418 /* Debug */ = {
			isa = XCBuildConfiguration;
			buildSettings = {
				ALWAYS_SEARCH_USER_PATHS = NO;
				ASSETCATALOG_COMPILER_GENERATE_SWIFT_ASSET_SYMBOL_EXTENSIONS = YES;
				CLANG_ANALYZER_NONNULL = YES;
				CLANG_ANALYZER_NUMBER_OBJECT_CONVERSION = YES_AGGRESSIVE;
				CLANG_CXX_LANGUAGE_STANDARD = "gnu++20";
				CLANG_ENABLE_MODULES = YES;
				CLANG_ENABLE_OBJC_ARC = YES;
				CLANG_ENABLE_OBJC_WEAK = YES;
				CLANG_WARN_BLOCK_CAPTURE_AUTORELEASING = YES;
				CLANG_WARN_BOOL_CONVERSION = YES;
				CLANG_WARN_COMMA = YES;
				CLANG_WARN_CONSTANT_CONVERSION = YES;
				CLANG_WARN_DEPRECATED_OBJC_IMPLEMENTATIONS = YES;
				CLANG_WARN_DIRECT_OBJC_ISA_USAGE = YES_ERROR;
				CLANG_WARN_DOCUMENTATION_COMMENTS = YES;
				CLANG_WARN_EMPTY_BODY = YES;
				CLANG_WARN_ENUM_CONVERSION = YES;
				CLANG_WARN_INFINITE_RECURSION = YES;
				CLANG_WARN_INT_CONVERSION = YES;
				CLANG_WARN_NON_LITERAL_NULL_CONVERSION = YES;
				CLANG_WARN_OBJC_IMPLICIT_RETAIN_SELF = YES;
				CLANG_WARN_OBJC_LITERAL_CONVERSION = YES;
				CLANG_WARN_OBJC_ROOT_CLASS = YES_ERROR;
				CLANG_WARN_QUOTED_INCLUDE_IN_FRAMEWORK_HEADER = YES;
				CLANG_WARN_RANGE_LOOP_ANALYSIS = YES;
				CLANG_WARN_STRICT_PROTOTYPES = YES;
				CLANG_WARN_SUSPICIOUS_MOVE = YES;
				CLANG_WARN_UNGUARDED_AVAILABILITY = YES_AGGRESSIVE;
				CLANG_WARN_UNREACHABLE_CODE = YES;
				CLANG_WARN__DUPLICATE_METHOD_MATCH = YES;
				COPY_PHASE_STRIP = NO;
				DEBUG_INFORMATION_FORMAT = dwarf;
				ENABLE_STRICT_OBJC_MSGSEND = YES;
				ENABLE_TESTABILITY = YES;
				ENABLE_USER_SCRIPT_SANDBOXING = YES;
				GCC_C_LANGUAGE_STANDARD = gnu17;
				GCC_DYNAMIC_NO_PIC = NO;
				GCC_NO_COMMON_BLOCKS = YES;
				GCC_OPTIMIZATION_LEVEL = 0;
				GCC_PREPROCESSOR_DEFINITIONS = (
					"DEBUG=1",
					"$(inherited)",
				);
				GCC_WARN_64_TO_32_BIT_CONVERSION = YES;
				GCC_WARN_ABOUT_RETURN_TYPE = YES_ERROR;
				GCC_WARN_UNDECLARED_SELECTOR = YES;
				GCC_WARN_UNINITIALIZED_AUTOS = YES_AGGRESSIVE;
				GCC_WARN_UNUSED_FUNCTION = YES;
				GCC_WARN_UNUSED_VARIABLE = YES;
				IPHONEOS_DEPLOYMENT_TARGET = 18.0;
				LOCALIZATION_PREFERS_STRING_CATALOGS = YES;
				MTL_ENABLE_DEBUG_INFO = INCLUDE_SOURCE;
				MTL_FAST_MATH = YES;
				ONLY_ACTIVE_ARCH = YES;
				SDKROOT = iphoneos;
				SWIFT_ACTIVE_COMPILATION_CONDITIONS = "DEBUG $(inherited)";
				SWIFT_OPTIMIZATION_LEVEL = "-Onone";
			};
			name = Debug;
		};
		F157FA6A2CB1AA2F00BF5418 /* Release */ = {
			isa = XCBuildConfiguration;
			buildSettings = {
				ALWAYS_SEARCH_USER_PATHS = NO;
				ASSETCATALOG_COMPILER_GENERATE_SWIFT_ASSET_SYMBOL_EXTENSIONS = YES;
				CLANG_ANALYZER_NONNULL = YES;
				CLANG_ANALYZER_NUMBER_OBJECT_CONVERSION = YES_AGGRESSIVE;
				CLANG_CXX_LANGUAGE_STANDARD = "gnu++20";
				CLANG_ENABLE_MODULES = YES;
				CLANG_ENABLE_OBJC_ARC = YES;
				CLANG_ENABLE_OBJC_WEAK = YES;
				CLANG_WARN_BLOCK_CAPTURE_AUTORELEASING = YES;
				CLANG_WARN_BOOL_CONVERSION = YES;
				CLANG_WARN_COMMA = YES;
				CLANG_WARN_CONSTANT_CONVERSION = YES;
				CLANG_WARN_DEPRECATED_OBJC_IMPLEMENTATIONS = YES;
				CLANG_WARN_DIRECT_OBJC_ISA_USAGE = YES_ERROR;
				CLANG_WARN_DOCUMENTATION_COMMENTS = YES;
				CLANG_WARN_EMPTY_BODY = YES;
				CLANG_WARN_ENUM_CONVERSION = YES;
				CLANG_WARN_INFINITE_RECURSION = YES;
				CLANG_WARN_INT_CONVERSION = YES;
				CLANG_WARN_NON_LITERAL_NULL_CONVERSION = YES;
				CLANG_WARN_OBJC_IMPLICIT_RETAIN_SELF = YES;
				CLANG_WARN_OBJC_LITERAL_CONVERSION = YES;
				CLANG_WARN_OBJC_ROOT_CLASS = YES_ERROR;
				CLANG_WARN_QUOTED_INCLUDE_IN_FRAMEWORK_HEADER = YES;
				CLANG_WARN_RANGE_LOOP_ANALYSIS = YES;
				CLANG_WARN_STRICT_PROTOTYPES = YES;
				CLANG_WARN_SUSPICIOUS_MOVE = YES;
				CLANG_WARN_UNGUARDED_AVAILABILITY = YES_AGGRESSIVE;
				CLANG_WARN_UNREACHABLE_CODE = YES;
				CLANG_WARN__DUPLICATE_METHOD_MATCH = YES;
				COPY_PHASE_STRIP = NO;
				DEBUG_INFORMATION_FORMAT = "dwarf-with-dsym";
				ENABLE_NS_ASSERTIONS = NO;
				ENABLE_STRICT_OBJC_MSGSEND = YES;
				ENABLE_USER_SCRIPT_SANDBOXING = YES;
				GCC_C_LANGUAGE_STANDARD = gnu17;
				GCC_NO_COMMON_BLOCKS = YES;
				GCC_WARN_64_TO_32_BIT_CONVERSION = YES;
				GCC_WARN_ABOUT_RETURN_TYPE = YES_ERROR;
				GCC_WARN_UNDECLARED_SELECTOR = YES;
				GCC_WARN_UNINITIALIZED_AUTOS = YES_AGGRESSIVE;
				GCC_WARN_UNUSED_FUNCTION = YES;
				GCC_WARN_UNUSED_VARIABLE = YES;
				IPHONEOS_DEPLOYMENT_TARGET = 18.0;
				LOCALIZATION_PREFERS_STRING_CATALOGS = YES;
				MTL_ENABLE_DEBUG_INFO = NO;
				MTL_FAST_MATH = YES;
				SDKROOT = iphoneos;
				SWIFT_COMPILATION_MODE = wholemodule;
				VALIDATE_PRODUCT = YES;
			};
			name = Release;
		};
		F157FA6C2CB1AA2F00BF5418 /* Debug */ = {
			isa = XCBuildConfiguration;
			buildSettings = {
				ASSETCATALOG_COMPILER_APPICON_NAME = AppIcon;
				ASSETCATALOG_COMPILER_GLOBAL_ACCENT_COLOR_NAME = AccentColor;
				CODE_SIGN_STYLE = Automatic;
				CURRENT_PROJECT_VERSION = 1;
				DEVELOPMENT_ASSET_PATHS = "\"DivHacks2024WashWiz_SwiftUI/Preview Content\"";
				ENABLE_PREVIEWS = YES;
				GENERATE_INFOPLIST_FILE = YES;
				INFOPLIST_KEY_UIApplicationSceneManifest_Generation = YES;
				INFOPLIST_KEY_UIApplicationSupportsIndirectInputEvents = YES;
				INFOPLIST_KEY_UILaunchScreen_Generation = YES;
				INFOPLIST_KEY_UISupportedInterfaceOrientations_iPad = "UIInterfaceOrientationPortrait UIInterfaceOrientationPortraitUpsideDown UIInterfaceOrientationLandscapeLeft UIInterfaceOrientationLandscapeRight";
				INFOPLIST_KEY_UISupportedInterfaceOrientations_iPhone = "UIInterfaceOrientationPortrait UIInterfaceOrientationLandscapeLeft UIInterfaceOrientationLandscapeRight";
				LD_RUNPATH_SEARCH_PATHS = (
					"$(inherited)",
					"@executable_path/Frameworks",
				);
				MARKETING_VERSION = 1.0;
				PRODUCT_BUNDLE_IDENTIFIER = "DivHacks.DivHacks2024WashWiz-SwiftUI";
				PRODUCT_NAME = "$(TARGET_NAME)";
				SWIFT_EMIT_LOC_STRINGS = YES;
				SWIFT_VERSION = 5.0;
				TARGETED_DEVICE_FAMILY = "1,2";
			};
			name = Debug;
		};
		F157FA6D2CB1AA2F00BF5418 /* Release */ = {
			isa = XCBuildConfiguration;
			buildSettings = {
				ASSETCATALOG_COMPILER_APPICON_NAME = AppIcon;
				ASSETCATALOG_COMPILER_GLOBAL_ACCENT_COLOR_NAME = AccentColor;
				CODE_SIGN_STYLE = Automatic;
				CURRENT_PROJECT_VERSION = 1;
				DEVELOPMENT_ASSET_PATHS = "\"DivHacks2024WashWiz_SwiftUI/Preview Content\"";
				ENABLE_PREVIEWS = YES;
				GENERATE_INFOPLIST_FILE = YES;
				INFOPLIST_KEY_UIApplicationSceneManifest_Generation = YES;
				INFOPLIST_KEY_UIApplicationSupportsIndirectInputEvents = YES;
				INFOPLIST_KEY_UILaunchScreen_Generation = YES;
				INFOPLIST_KEY_UISupportedInterfaceOrientations_iPad = "UIInterfaceOrientationPortrait UIInterfaceOrientationPortraitUpsideDown UIInterfaceOrientationLandscapeLeft UIInterfaceOrientationLandscapeRight";
				INFOPLIST_KEY_UISupportedInterfaceOrientations_iPhone = "UIInterfaceOrientationPortrait UIInterfaceOrientationLandscapeLeft UIInterfaceOrientationLandscapeRight";
				LD_RUNPATH_SEARCH_PATHS = (
					"$(inherited)",
					"@executable_path/Frameworks",
				);
				MARKETING_VERSION = 1.0;
				PRODUCT_BUNDLE_IDENTIFIER = "DivHacks.DivHacks2024WashWiz-SwiftUI";
				PRODUCT_NAME = "$(TARGET_NAME)";
				SWIFT_EMIT_LOC_STRINGS = YES;
				SWIFT_VERSION = 5.0;
				TARGETED_DEVICE_FAMILY = "1,2";
			};
			name = Release;
		};
		F157FA6F2CB1AA2F00BF5418 /* Debug */ = {
			isa = XCBuildConfiguration;
			buildSettings = {
				BUNDLE_LOADER = "$(TEST_HOST)";
				CODE_SIGN_STYLE = Automatic;
				CURRENT_PROJECT_VERSION = 1;
				GENERATE_INFOPLIST_FILE = YES;
				IPHONEOS_DEPLOYMENT_TARGET = 18.0;
				MARKETING_VERSION = 1.0;
				PRODUCT_BUNDLE_IDENTIFIER = "DivHacks.DivHacks2024WashWiz-SwiftUITests";
				PRODUCT_NAME = "$(TARGET_NAME)";
				SWIFT_EMIT_LOC_STRINGS = NO;
				SWIFT_VERSION = 5.0;
				TARGETED_DEVICE_FAMILY = "1,2";
				TEST_HOST = "$(BUILT_PRODUCTS_DIR)/DivHacks2024WashWiz_SwiftUI.app/$(BUNDLE_EXECUTABLE_FOLDER_PATH)/DivHacks2024WashWiz_SwiftUI";
			};
			name = Debug;
		};
		F157FA702CB1AA2F00BF5418 /* Release */ = {
			isa = XCBuildConfiguration;
			buildSettings = {
				BUNDLE_LOADER = "$(TEST_HOST)";
				CODE_SIGN_STYLE = Automatic;
				CURRENT_PROJECT_VERSION = 1;
				GENERATE_INFOPLIST_FILE = YES;
				IPHONEOS_DEPLOYMENT_TARGET = 18.0;
				MARKETING_VERSION = 1.0;
				PRODUCT_BUNDLE_IDENTIFIER = "DivHacks.DivHacks2024WashWiz-SwiftUITests";
				PRODUCT_NAME = "$(TARGET_NAME)";
				SWIFT_EMIT_LOC_STRINGS = NO;
				SWIFT_VERSION = 5.0;
				TARGETED_DEVICE_FAMILY = "1,2";
				TEST_HOST = "$(BUILT_PRODUCTS_DIR)/DivHacks2024WashWiz_SwiftUI.app/$(BUNDLE_EXECUTABLE_FOLDER_PATH)/DivHacks2024WashWiz_SwiftUI";
			};
			name = Release;
		};
		F157FA722CB1AA2F00BF5418 /* Debug */ = {
			isa = XCBuildConfiguration;
			buildSettings = {
				CODE_SIGN_STYLE = Automatic;
				CURRENT_PROJECT_VERSION = 1;
				GENERATE_INFOPLIST_FILE = YES;
				MARKETING_VERSION = 1.0;
				PRODUCT_BUNDLE_IDENTIFIER = "DivHacks.DivHacks2024WashWiz-SwiftUIUITests";
				PRODUCT_NAME = "$(TARGET_NAME)";
				SWIFT_EMIT_LOC_STRINGS = NO;
				SWIFT_VERSION = 5.0;
				TARGETED_DEVICE_FAMILY = "1,2";
				TEST_TARGET_NAME = DivHacks2024WashWiz_SwiftUI;
			};
			name = Debug;
		};
		F157FA732CB1AA2F00BF5418 /* Release */ = {
			isa = XCBuildConfiguration;
			buildSettings = {
				CODE_SIGN_STYLE = Automatic;
				CURRENT_PROJECT_VERSION = 1;
				GENERATE_INFOPLIST_FILE = YES;
				MARKETING_VERSION = 1.0;
				PRODUCT_BUNDLE_IDENTIFIER = "DivHacks.DivHacks2024WashWiz-SwiftUIUITests";
				PRODUCT_NAME = "$(TARGET_NAME)";
				SWIFT_EMIT_LOC_STRINGS = NO;
				SWIFT_VERSION = 5.0;
				TARGETED_DEVICE_FAMILY = "1,2";
				TEST_TARGET_NAME = DivHacks2024WashWiz_SwiftUI;
			};
			name = Release;
		};
/* End XCBuildConfiguration section */

/* Begin XCConfigurationList section */
		F157FA422CB1AA2E00BF5418 /* Build configuration list for PBXProject "DivHacks2024WashWiz_SwiftUI" */ = {
			isa = XCConfigurationList;
			buildConfigurations = (
				F157FA692CB1AA2F00BF5418 /* Debug */,
				F157FA6A2CB1AA2F00BF5418 /* Release */,
			);
			defaultConfigurationIsVisible = 0;
			defaultConfigurationName = Release;
		};
		F157FA6B2CB1AA2F00BF5418 /* Build configuration list for PBXNativeTarget "DivHacks2024WashWiz_SwiftUI" */ = {
			isa = XCConfigurationList;
			buildConfigurations = (
				F157FA6C2CB1AA2F00BF5418 /* Debug */,
				F157FA6D2CB1AA2F00BF5418 /* Release */,
			);
			defaultConfigurationIsVisible = 0;
			defaultConfigurationName = Release;
		};
		F157FA6E2CB1AA2F00BF5418 /* Build configuration list for PBXNativeTarget "DivHacks2024WashWiz_SwiftUITests" */ = {
			isa = XCConfigurationList;
			buildConfigurations = (
				F157FA6F2CB1AA2F00BF5418 /* Debug */,
				F157FA702CB1AA2F00BF5418 /* Release */,
			);
			defaultConfigurationIsVisible = 0;
			defaultConfigurationName = Release;
		};
		F157FA712CB1AA2F00BF5418 /* Build configuration list for PBXNativeTarget "DivHacks2024WashWiz_SwiftUIUITests" */ = {
			isa = XCConfigurationList;
			buildConfigurations = (
				F157FA722CB1AA2F00BF5418 /* Debug */,
				F157FA732CB1AA2F00BF5418 /* Release */,
			);
			defaultConfigurationIsVisible = 0;
			defaultConfigurationName = Release;
		};
/* End XCConfigurationList section */
	};
	rootObject = F157FA3F2CB1AA2E00BF5418 /* Project object */;
}
